
Microsoft Visual Studio Solution File, Format Version 12.00
# Visual Studio Version 17
VisualStudioVersion = 17.9.34728.123
MinimumVisualStudioVersion = 10.0.40219.1
Project("{FAE04EC0-301F-11D3-BF4B-00C04F79EFBC}") = "QuickLook", "QuickLook\QuickLook.csproj", "{8B4A9CE5-67B5-4A94-81CB-3771F688FDEB}"
	ProjectSection(ProjectDependencies) = postProject
		{D31EE321-C2B0-4984-B749-736F7DE509F1} = {D31EE321-C2B0-4984-B749-736F7DE509F1}
		{794E4DCF-F715-4836-9D30-ABD296586D23} = {794E4DCF-F715-4836-9D30-ABD296586D23}
	EndProjectSection
EndProject
Project("{8BC9CEB8-8B4A-11D0-8D11-00A0C91BC942}") = "QuickLook.Native32", "QuickLook.Native\QuickLook.Native32\QuickLook.Native32.vcxproj", "{D31EE321-C2B0-4984-B749-736F7DE509F1}"
EndProject
Project("{2150E333-8FDC-42A3-9474-1A3956D46DE8}") = "QuickLook.Plugin", "QuickLook.Plugin", "{06EFDBE0-6408-4B37-BCF2-0CF9EBEA2E93}"
EndProject
Project("{FAE04EC0-301F-11D3-BF4B-00C04F79EFBC}") = "QuickLook.Plugin.ArchiveViewer", "QuickLook.Plugin\QuickLook.Plugin.ArchiveViewer\QuickLook.Plugin.ArchiveViewer.csproj", "{DE2E3BC5-6AB2-4420-A160-48C7A7506C1C}"
EndProject
Project("{FAE04EC0-301F-11D3-BF4B-00C04F79EFBC}") = "QuickLook.Plugin.ImageViewer", "QuickLook.Plugin\QuickLook.Plugin.ImageViewer\QuickLook.Plugin.ImageViewer.csproj", "{FE5A5111-9607-4721-A7BE-422754002ED8}"
EndProject
Project("{FAE04EC0-301F-11D3-BF4B-00C04F79EFBC}") = "QuickLook.Plugin.PdfViewer", "QuickLook.Plugin\QuickLook.Plugin.PDFViewer\QuickLook.Plugin.PdfViewer.csproj", "{A82AC69C-EDF5-4F0D-8CBD-8E5E3C06E64D}"
EndProject
Project("{FAE04EC0-301F-11D3-BF4B-00C04F79EFBC}") = "QuickLook.Plugin.TextViewer", "QuickLook.Plugin\QuickLook.Plugin.TextViewer\QuickLook.Plugin.TextViewer.csproj", "{AE041682-E3A1-44F6-8BB4-916A98D89FBE}"
EndProject
Project("{FAE04EC0-301F-11D3-BF4B-00C04F79EFBC}") = "QuickLook.Plugin.VideoViewer", "QuickLook.Plugin\QuickLook.Plugin.VideoViewer\QuickLook.Plugin.VideoViewer.csproj", "{1B746D92-49A5-4A37-9D75-DCC490393290}"
EndProject
Project("{2150E333-8FDC-42A3-9474-1A3956D46DE8}") = "Solution Items", "Solution Items", "{BAE81497-98FA-4A7A-A0FB-2B86C9694B9C}"
	ProjectSection(SolutionItems) = preProject
		GitVersion.cs = GitVersion.cs
	EndProjectSection
EndProject
Project("{FAE04EC0-301F-11D3-BF4B-00C04F79EFBC}") = "QuickLook.Plugin.HtmlViewer", "QuickLook.Plugin\QuickLook.Plugin.HtmlViewer\QuickLook.Plugin.HtmlViewer.csproj", "{CE22A1F3-7F2C-4EC8-BFDE-B58D0EB625FC}"
EndProject
Project("{FAE04EC0-301F-11D3-BF4B-00C04F79EFBC}") = "QuickLook.Plugin.MarkdownViewer", "QuickLook.Plugin\QuickLook.Plugin.MarkdownViewer\QuickLook.Plugin.MarkdownViewer.csproj", "{AB1270AF-7EB4-4B4F-9E09-6404F1A28EA0}"
EndProject
Project("{930C7802-8A8C-48F9-8165-68863BCCD9DD}") = "QuickLook.Installer", "QuickLook.Installer\QuickLook.Installer.wixproj", "{F0214FC2-EFBE-426C-842D-B42BC37D9525}"
	ProjectSection(ProjectDependencies) = postProject
		{FE5A5111-9607-4721-A7BE-422754002ED8} = {FE5A5111-9607-4721-A7BE-422754002ED8}
		{D31EE321-C2B0-4984-B749-736F7DE509F1} = {D31EE321-C2B0-4984-B749-736F7DE509F1}
		{AE041682-E3A1-44F6-8BB4-916A98D89FBE} = {AE041682-E3A1-44F6-8BB4-916A98D89FBE}
		{1B746D92-49A5-4A37-9D75-DCC490393290} = {1B746D92-49A5-4A37-9D75-DCC490393290}
		{45E94893-3076-4A8E-8969-6955B6340739} = {45E94893-3076-4A8E-8969-6955B6340739}
		{A82AC69C-EDF5-4F0D-8CBD-8E5E3C06E64D} = {A82AC69C-EDF5-4F0D-8CBD-8E5E3C06E64D}
		{863ECAAC-18D9-4256-A27D-0F308089FB47} = {863ECAAC-18D9-4256-A27D-0F308089FB47}
		{AB1270AF-7EB4-4B4F-9E09-6404F1A28EA0} = {AB1270AF-7EB4-4B4F-9E09-6404F1A28EA0}
		{2C58F9B2-D8FA-4586-942B-5170CECE5963} = {2C58F9B2-D8FA-4586-942B-5170CECE5963}
		{85FDD6BA-871D-46C8-BD64-F6BB0CB5EA95} = {85FDD6BA-871D-46C8-BD64-F6BB0CB5EA95}
		{DE2E3BC5-6AB2-4420-A160-48C7A7506C1C} = {DE2E3BC5-6AB2-4420-A160-48C7A7506C1C}
		{794E4DCF-F715-4836-9D30-ABD296586D23} = {794E4DCF-F715-4836-9D30-ABD296586D23}
		{8B4A9CE5-67B5-4A94-81CB-3771F688FDEB} = {8B4A9CE5-67B5-4A94-81CB-3771F688FDEB}
		{CE22A1F3-7F2C-4EC8-BFDE-B58D0EB625FC} = {CE22A1F3-7F2C-4EC8-BFDE-B58D0EB625FC}
		{BD58F3FC-7601-47BA-AAA1-D8A9D54A33DA} = {BD58F3FC-7601-47BA-AAA1-D8A9D54A33DA}
		{8D50A1DA-601C-4C26-9A7E-7D477EA8430A} = {8D50A1DA-601C-4C26-9A7E-7D477EA8430A}
	EndProjectSection
EndProject
Project("{8BC9CEB8-8B4A-11D0-8D11-00A0C91BC942}") = "QuickLook.Native64", "QuickLook.Native\QuickLook.Native64\QuickLook.Native64.vcxproj", "{794E4DCF-F715-4836-9D30-ABD296586D23}"
	ProjectSection(ProjectDependencies) = postProject
		{2C58F9B2-D8FA-4586-942B-5170CECE5963} = {2C58F9B2-D8FA-4586-942B-5170CECE5963}
	EndProjectSection
EndProject
Project("{2150E333-8FDC-42A3-9474-1A3956D46DE8}") = "QuickLook.Native", "QuickLook.Native", "{D18A23FF-76BD-43BD-AC32-786D166EBAC9}"
EndProject
Project("{8BC9CEB8-8B4A-11D0-8D11-00A0C91BC942}") = "QuickLook.WoW64HookHelper", "QuickLook.Native\QuickLook.WoW64HookHelper\QuickLook.WoW64HookHelper.vcxproj", "{2C58F9B2-D8FA-4586-942B-5170CECE5963}"
	ProjectSection(ProjectDependencies) = postProject
		{D31EE321-C2B0-4984-B749-736F7DE509F1} = {D31EE321-C2B0-4984-B749-736F7DE509F1}
	EndProjectSection
EndProject
Project("{FAE04EC0-301F-11D3-BF4B-00C04F79EFBC}") = "QuickLook.Plugin.CsvViewer", "QuickLook.Plugin\QuickLook.Plugin.CsvViewer\QuickLook.Plugin.CsvViewer.csproj", "{863ECAAC-18D9-4256-A27D-0F308089FB47}"
EndProject
Project("{FAE04EC0-301F-11D3-BF4B-00C04F79EFBC}") = "QuickLook.Plugin.MailViewer", "QuickLook.Plugin\QuickLook.Plugin.MailViewer\QuickLook.Plugin.MailViewer.csproj", "{45E94893-3076-4A8E-8969-6955B6340739}"
EndProject
Project("{FAE04EC0-301F-11D3-BF4B-00C04F79EFBC}") = "QuickLook.Common", "QuickLook.Common\QuickLook.Common.csproj", "{85FDD6BA-871D-46C8-BD64-F6BB0CB5EA95}"
EndProject
Project("{FAE04EC0-301F-11D3-BF4B-00C04F79EFBC}") = "QuickLook.Plugin.PluginInstaller", "QuickLook.Plugin\QuickLook.Plugin.PluginInstaller\QuickLook.Plugin.PluginInstaller.csproj", "{BD58F3FC-7601-47BA-AAA1-D8A9D54A33DA}"
EndProject
Project("{FAE04EC0-301F-11D3-BF4B-00C04F79EFBC}") = "QuickLook.Plugin.PEViewer", "QuickLook.Plugin\QuickLook.Plugin.PEViewer\QuickLook.Plugin.PEViewer.csproj", "{8D50A1DA-601C-4C26-9A7E-7D477EA8430A}"
EndProject
Global
	GlobalSection(SolutionConfigurationPlatforms) = preSolution
		Debug|Any CPU = Debug|Any CPU
		Debug|x86 = Debug|x86
		Release|Any CPU = Release|Any CPU
		Release|x86 = Release|x86
	EndGlobalSection
	GlobalSection(ProjectConfigurationPlatforms) = postSolution
		{8B4A9CE5-67B5-4A94-81CB-3771F688FDEB}.Debug|Any CPU.ActiveCfg = Debug|Any CPU
		{8B4A9CE5-67B5-4A94-81CB-3771F688FDEB}.Debug|Any CPU.Build.0 = Debug|Any CPU
		{8B4A9CE5-67B5-4A94-81CB-3771F688FDEB}.Debug|x86.ActiveCfg = Debug|x86
		{8B4A9CE5-67B5-4A94-81CB-3771F688FDEB}.Debug|x86.Build.0 = Debug|x86
		{8B4A9CE5-67B5-4A94-81CB-3771F688FDEB}.Release|Any CPU.ActiveCfg = Release|Any CPU
		{8B4A9CE5-67B5-4A94-81CB-3771F688FDEB}.Release|Any CPU.Build.0 = Release|Any CPU
		{8B4A9CE5-67B5-4A94-81CB-3771F688FDEB}.Release|x86.ActiveCfg = Release|x86
		{8B4A9CE5-67B5-4A94-81CB-3771F688FDEB}.Release|x86.Build.0 = Release|x86
		{D31EE321-C2B0-4984-B749-736F7DE509F1}.Debug|Any CPU.ActiveCfg = Debug|Win32
		{D31EE321-C2B0-4984-B749-736F7DE509F1}.Debug|Any CPU.Build.0 = Debug|Win32
		{D31EE321-C2B0-4984-B749-736F7DE509F1}.Debug|x86.ActiveCfg = Debug|Win32
		{D31EE321-C2B0-4984-B749-736F7DE509F1}.Debug|x86.Build.0 = Debug|Win32
		{D31EE321-C2B0-4984-B749-736F7DE509F1}.Release|Any CPU.ActiveCfg = Release|Win32
		{D31EE321-C2B0-4984-B749-736F7DE509F1}.Release|Any CPU.Build.0 = Release|Win32
		{D31EE321-C2B0-4984-B749-736F7DE509F1}.Release|x86.ActiveCfg = Release|Win32
		{D31EE321-C2B0-4984-B749-736F7DE509F1}.Release|x86.Build.0 = Release|Win32
		{DE2E3BC5-6AB2-4420-A160-48C7A7506C1C}.Debug|Any CPU.ActiveCfg = Debug|Any CPU
		{DE2E3BC5-6AB2-4420-A160-48C7A7506C1C}.Debug|Any CPU.Build.0 = Debug|Any CPU
		{DE2E3BC5-6AB2-4420-A160-48C7A7506C1C}.Debug|x86.ActiveCfg = Debug|x86
		{DE2E3BC5-6AB2-4420-A160-48C7A7506C1C}.Debug|x86.Build.0 = Debug|x86
		{DE2E3BC5-6AB2-4420-A160-48C7A7506C1C}.Release|Any CPU.ActiveCfg = Release|Any CPU
		{DE2E3BC5-6AB2-4420-A160-48C7A7506C1C}.Release|Any CPU.Build.0 = Release|Any CPU
		{DE2E3BC5-6AB2-4420-A160-48C7A7506C1C}.Release|x86.ActiveCfg = Release|x86
		{DE2E3BC5-6AB2-4420-A160-48C7A7506C1C}.Release|x86.Build.0 = Release|x86
		{FE5A5111-9607-4721-A7BE-422754002ED8}.Debug|Any CPU.ActiveCfg = Debug|Any CPU
		{FE5A5111-9607-4721-A7BE-422754002ED8}.Debug|Any CPU.Build.0 = Debug|Any CPU
		{FE5A5111-9607-4721-A7BE-422754002ED8}.Debug|x86.ActiveCfg = Debug|x86
		{FE5A5111-9607-4721-A7BE-422754002ED8}.Debug|x86.Build.0 = Debug|x86
		{FE5A5111-9607-4721-A7BE-422754002ED8}.Release|Any CPU.ActiveCfg = Release|Any CPU
		{FE5A5111-9607-4721-A7BE-422754002ED8}.Release|Any CPU.Build.0 = Release|Any CPU
		{FE5A5111-9607-4721-A7BE-422754002ED8}.Release|x86.ActiveCfg = Release|x86
		{FE5A5111-9607-4721-A7BE-422754002ED8}.Release|x86.Build.0 = Release|x86
		{A82AC69C-EDF5-4F0D-8CBD-8E5E3C06E64D}.Debug|Any CPU.ActiveCfg = Debug|Any CPU
		{A82AC69C-EDF5-4F0D-8CBD-8E5E3C06E64D}.Debug|Any CPU.Build.0 = Debug|Any CPU
		{A82AC69C-EDF5-4F0D-8CBD-8E5E3C06E64D}.Debug|x86.ActiveCfg = Debug|x86
		{A82AC69C-EDF5-4F0D-8CBD-8E5E3C06E64D}.Debug|x86.Build.0 = Debug|x86
		{A82AC69C-EDF5-4F0D-8CBD-8E5E3C06E64D}.Release|Any CPU.ActiveCfg = Release|Any CPU
		{A82AC69C-EDF5-4F0D-8CBD-8E5E3C06E64D}.Release|Any CPU.Build.0 = Release|Any CPU
		{A82AC69C-EDF5-4F0D-8CBD-8E5E3C06E64D}.Release|x86.ActiveCfg = Release|x86
		{A82AC69C-EDF5-4F0D-8CBD-8E5E3C06E64D}.Release|x86.Build.0 = Release|x86
		{AE041682-E3A1-44F6-8BB4-916A98D89FBE}.Debug|Any CPU.ActiveCfg = Debug|Any CPU
		{AE041682-E3A1-44F6-8BB4-916A98D89FBE}.Debug|Any CPU.Build.0 = Debug|Any CPU
		{AE041682-E3A1-44F6-8BB4-916A98D89FBE}.Debug|x86.ActiveCfg = Debug|x86
		{AE041682-E3A1-44F6-8BB4-916A98D89FBE}.Debug|x86.Build.0 = Debug|x86
		{AE041682-E3A1-44F6-8BB4-916A98D89FBE}.Release|Any CPU.ActiveCfg = Release|Any CPU
		{AE041682-E3A1-44F6-8BB4-916A98D89FBE}.Release|Any CPU.Build.0 = Release|Any CPU
		{AE041682-E3A1-44F6-8BB4-916A98D89FBE}.Release|x86.ActiveCfg = Release|x86
		{AE041682-E3A1-44F6-8BB4-916A98D89FBE}.Release|x86.Build.0 = Release|x86
		{1B746D92-49A5-4A37-9D75-DCC490393290}.Debug|Any CPU.ActiveCfg = Debug|Any CPU
		{1B746D92-49A5-4A37-9D75-DCC490393290}.Debug|Any CPU.Build.0 = Debug|Any CPU
		{1B746D92-49A5-4A37-9D75-DCC490393290}.Debug|x86.ActiveCfg = Debug|x86
		{1B746D92-49A5-4A37-9D75-DCC490393290}.Debug|x86.Build.0 = Debug|x86
		{1B746D92-49A5-4A37-9D75-DCC490393290}.Release|Any CPU.ActiveCfg = Release|Any CPU
		{1B746D92-49A5-4A37-9D75-DCC490393290}.Release|Any CPU.Build.0 = Release|Any CPU
		{1B746D92-49A5-4A37-9D75-DCC490393290}.Release|x86.ActiveCfg = Release|x86
		{1B746D92-49A5-4A37-9D75-DCC490393290}.Release|x86.Build.0 = Release|x86
		{CE22A1F3-7F2C-4EC8-BFDE-B58D0EB625FC}.Debug|Any CPU.ActiveCfg = Debug|Any CPU
		{CE22A1F3-7F2C-4EC8-BFDE-B58D0EB625FC}.Debug|Any CPU.Build.0 = Debug|Any CPU
		{CE22A1F3-7F2C-4EC8-BFDE-B58D0EB625FC}.Debug|x86.ActiveCfg = Debug|x86
		{CE22A1F3-7F2C-4EC8-BFDE-B58D0EB625FC}.Debug|x86.Build.0 = Debug|x86
		{CE22A1F3-7F2C-4EC8-BFDE-B58D0EB625FC}.Release|Any CPU.ActiveCfg = Release|Any CPU
		{CE22A1F3-7F2C-4EC8-BFDE-B58D0EB625FC}.Release|Any CPU.Build.0 = Release|Any CPU
		{CE22A1F3-7F2C-4EC8-BFDE-B58D0EB625FC}.Release|x86.ActiveCfg = Release|x86
		{CE22A1F3-7F2C-4EC8-BFDE-B58D0EB625FC}.Release|x86.Build.0 = Release|x86
		{AB1270AF-7EB4-4B4F-9E09-6404F1A28EA0}.Debug|Any CPU.ActiveCfg = Debug|Any CPU
		{AB1270AF-7EB4-4B4F-9E09-6404F1A28EA0}.Debug|Any CPU.Build.0 = Debug|Any CPU
		{AB1270AF-7EB4-4B4F-9E09-6404F1A28EA0}.Debug|x86.ActiveCfg = Debug|x86
		{AB1270AF-7EB4-4B4F-9E09-6404F1A28EA0}.Debug|x86.Build.0 = Debug|x86
		{AB1270AF-7EB4-4B4F-9E09-6404F1A28EA0}.Release|Any CPU.ActiveCfg = Release|Any CPU
		{AB1270AF-7EB4-4B4F-9E09-6404F1A28EA0}.Release|Any CPU.Build.0 = Release|Any CPU
		{AB1270AF-7EB4-4B4F-9E09-6404F1A28EA0}.Release|x86.ActiveCfg = Release|x86
		{AB1270AF-7EB4-4B4F-9E09-6404F1A28EA0}.Release|x86.Build.0 = Release|x86
		{F0214FC2-EFBE-426C-842D-B42BC37D9525}.Debug|Any CPU.ActiveCfg = Debug|x86
		{F0214FC2-EFBE-426C-842D-B42BC37D9525}.Debug|x86.ActiveCfg = Debug|x86
		{F0214FC2-EFBE-426C-842D-B42BC37D9525}.Release|Any CPU.ActiveCfg = Release|x86
		{F0214FC2-EFBE-426C-842D-B42BC37D9525}.Release|Any CPU.Build.0 = Release|x86
		{F0214FC2-EFBE-426C-842D-B42BC37D9525}.Release|x86.ActiveCfg = Release|x86
		{F0214FC2-EFBE-426C-842D-B42BC37D9525}.Release|x86.Build.0 = Release|x86
		{794E4DCF-F715-4836-9D30-ABD296586D23}.Debug|Any CPU.ActiveCfg = Debug|x64
		{794E4DCF-F715-4836-9D30-ABD296586D23}.Debug|Any CPU.Build.0 = Debug|x64
		{794E4DCF-F715-4836-9D30-ABD296586D23}.Debug|x86.ActiveCfg = Debug|x64
		{794E4DCF-F715-4836-9D30-ABD296586D23}.Release|Any CPU.ActiveCfg = Release|x64
		{794E4DCF-F715-4836-9D30-ABD296586D23}.Release|Any CPU.Build.0 = Release|x64
		{794E4DCF-F715-4836-9D30-ABD296586D23}.Release|x86.ActiveCfg = Release|x64
		{2C58F9B2-D8FA-4586-942B-5170CECE5963}.Debug|Any CPU.ActiveCfg = Debug|Win32
		{2C58F9B2-D8FA-4586-942B-5170CECE5963}.Debug|Any CPU.Build.0 = Debug|Win32
		{2C58F9B2-D8FA-4586-942B-5170CECE5963}.Debug|x86.ActiveCfg = Debug|Win32
		{2C58F9B2-D8FA-4586-942B-5170CECE5963}.Release|Any CPU.ActiveCfg = Release|Win32
		{2C58F9B2-D8FA-4586-942B-5170CECE5963}.Release|Any CPU.Build.0 = Release|Win32
		{2C58F9B2-D8FA-4586-942B-5170CECE5963}.Release|x86.ActiveCfg = Release|Win32
		{863ECAAC-18D9-4256-A27D-0F308089FB47}.Debug|Any CPU.ActiveCfg = Debug|Any CPU
		{863ECAAC-18D9-4256-A27D-0F308089FB47}.Debug|Any CPU.Build.0 = Debug|Any CPU
		{863ECAAC-18D9-4256-A27D-0F308089FB47}.Debug|x86.ActiveCfg = Debug|x86
		{863ECAAC-18D9-4256-A27D-0F308089FB47}.Debug|x86.Build.0 = Debug|x86
		{863ECAAC-18D9-4256-A27D-0F308089FB47}.Release|Any CPU.ActiveCfg = Release|Any CPU
		{863ECAAC-18D9-4256-A27D-0F308089FB47}.Release|Any CPU.Build.0 = Release|Any CPU
		{863ECAAC-18D9-4256-A27D-0F308089FB47}.Release|x86.ActiveCfg = Release|x86
		{863ECAAC-18D9-4256-A27D-0F308089FB47}.Release|x86.Build.0 = Release|x86
		{45E94893-3076-4A8E-8969-6955B6340739}.Debug|Any CPU.ActiveCfg = Debug|Any CPU
		{45E94893-3076-4A8E-8969-6955B6340739}.Debug|Any CPU.Build.0 = Debug|Any CPU
		{45E94893-3076-4A8E-8969-6955B6340739}.Debug|x86.ActiveCfg = Debug|x86
		{45E94893-3076-4A8E-8969-6955B6340739}.Debug|x86.Build.0 = Debug|x86
		{45E94893-3076-4A8E-8969-6955B6340739}.Release|Any CPU.ActiveCfg = Release|Any CPU
		{45E94893-3076-4A8E-8969-6955B6340739}.Release|Any CPU.Build.0 = Release|Any CPU
		{45E94893-3076-4A8E-8969-6955B6340739}.Release|x86.ActiveCfg = Release|x86
		{45E94893-3076-4A8E-8969-6955B6340739}.Release|x86.Build.0 = Release|x86
		{85FDD6BA-871D-46C8-BD64-F6BB0CB5EA95}.Debug|Any CPU.ActiveCfg = Debug|Any CPU
		{85FDD6BA-871D-46C8-BD64-F6BB0CB5EA95}.Debug|Any CPU.Build.0 = Debug|Any CPU
		{85FDD6BA-871D-46C8-BD64-F6BB0CB5EA95}.Debug|x86.ActiveCfg = Debug|Any CPU
		{85FDD6BA-871D-46C8-BD64-F6BB0CB5EA95}.Debug|x86.Build.0 = Debug|Any CPU
		{85FDD6BA-871D-46C8-BD64-F6BB0CB5EA95}.Release|Any CPU.ActiveCfg = Release|Any CPU
		{85FDD6BA-871D-46C8-BD64-F6BB0CB5EA95}.Release|Any CPU.Build.0 = Release|Any CPU
		{85FDD6BA-871D-46C8-BD64-F6BB0CB5EA95}.Release|x86.ActiveCfg = Release|Any CPU
		{85FDD6BA-871D-46C8-BD64-F6BB0CB5EA95}.Release|x86.Build.0 = Release|Any CPU
		{BD58F3FC-7601-47BA-AAA1-D8A9D54A33DA}.Debug|Any CPU.ActiveCfg = Debug|Any CPU
		{BD58F3FC-7601-47BA-AAA1-D8A9D54A33DA}.Debug|Any CPU.Build.0 = Debug|Any CPU
		{BD58F3FC-7601-47BA-AAA1-D8A9D54A33DA}.Debug|x86.ActiveCfg = Debug|x86
		{BD58F3FC-7601-47BA-AAA1-D8A9D54A33DA}.Debug|x86.Build.0 = Debug|x86
		{BD58F3FC-7601-47BA-AAA1-D8A9D54A33DA}.Release|Any CPU.ActiveCfg = Release|Any CPU
		{BD58F3FC-7601-47BA-AAA1-D8A9D54A33DA}.Release|Any CPU.Build.0 = Release|Any CPU
		{BD58F3FC-7601-47BA-AAA1-D8A9D54A33DA}.Release|x86.ActiveCfg = Release|x86
		{BD58F3FC-7601-47BA-AAA1-D8A9D54A33DA}.Release|x86.Build.0 = Release|x86
		{8D50A1DA-601C-4C26-9A7E-7D477EA8430A}.Debug|Any CPU.ActiveCfg = Debug|Any CPU
		{8D50A1DA-601C-4C26-9A7E-7D477EA8430A}.Debug|Any CPU.Build.0 = Debug|Any CPU
		{8D50A1DA-601C-4C26-9A7E-7D477EA8430A}.Debug|x86.ActiveCfg = Debug|Any CPU
		{8D50A1DA-601C-4C26-9A7E-7D477EA8430A}.Debug|x86.Build.0 = Debug|Any CPU
		{8D50A1DA-601C-4C26-9A7E-7D477EA8430A}.Release|Any CPU.ActiveCfg = Release|Any CPU
		{8D50A1DA-601C-4C26-9A7E-7D477EA8430A}.Release|Any CPU.Build.0 = Release|Any CPU
		{8D50A1DA-601C-4C26-9A7E-7D477EA8430A}.Release|x86.ActiveCfg = Release|Any CPU
		{8D50A1DA-601C-4C26-9A7E-7D477EA8430A}.Release|x86.Build.0 = Release|Any CPU
	EndGlobalSection
	GlobalSection(SolutionProperties) = preSolution
		HideSolutionNode = FALSE
	EndGlobalSection
	GlobalSection(NestedProjects) = preSolution
		{D31EE321-C2B0-4984-B749-736F7DE509F1} = {D18A23FF-76BD-43BD-AC32-786D166EBAC9}
		{DE2E3BC5-6AB2-4420-A160-48C7A7506C1C} = {06EFDBE0-6408-4B37-BCF2-0CF9EBEA2E93}
		{FE5A5111-9607-4721-A7BE-422754002ED8} = {06EFDBE0-6408-4B37-BCF2-0CF9EBEA2E93}
		{A82AC69C-EDF5-4F0D-8CBD-8E5E3C06E64D} = {06EFDBE0-6408-4B37-BCF2-0CF9EBEA2E93}
		{AE041682-E3A1-44F6-8BB4-916A98D89FBE} = {06EFDBE0-6408-4B37-BCF2-0CF9EBEA2E93}
		{1B746D92-49A5-4A37-9D75-DCC490393290} = {06EFDBE0-6408-4B37-BCF2-0CF9EBEA2E93}
		{CE22A1F3-7F2C-4EC8-BFDE-B58D0EB625FC} = {06EFDBE0-6408-4B37-BCF2-0CF9EBEA2E93}
		{AB1270AF-7EB4-4B4F-9E09-6404F1A28EA0} = {06EFDBE0-6408-4B37-BCF2-0CF9EBEA2E93}
		{794E4DCF-F715-4836-9D30-ABD296586D23} = {D18A23FF-76BD-43BD-AC32-786D166EBAC9}
		{2C58F9B2-D8FA-4586-942B-5170CECE5963} = {D18A23FF-76BD-43BD-AC32-786D166EBAC9}
		{863ECAAC-18D9-4256-A27D-0F308089FB47} = {06EFDBE0-6408-4B37-BCF2-0CF9EBEA2E93}
		{45E94893-3076-4A8E-8969-6955B6340739} = {06EFDBE0-6408-4B37-BCF2-0CF9EBEA2E93}
		{BD58F3FC-7601-47BA-AAA1-D8A9D54A33DA} = {06EFDBE0-6408-4B37-BCF2-0CF9EBEA2E93}
		{8D50A1DA-601C-4C26-9A7E-7D477EA8430A} = {06EFDBE0-6408-4B37-BCF2-0CF9EBEA2E93}
	EndGlobalSection
	GlobalSection(ExtensibilityGlobals) = postSolution
		SolutionGuid = {D3761C32-8C5F-498A-892B-3B0882994B62}
	EndGlobalSection
EndGlobal
