
Microsoft Visual Studio Solution File, Format Version 12.00
# Visual Studio 15
VisualStudioVersion = 15.0.26430.6
MinimumVisualStudioVersion = 10.0.40219.1
Project("{FAE04EC0-301F-11D3-BF4B-00C04F79EFBC}") = "QuickLook", "QuickLook\QuickLook.csproj", "{8B4A9CE5-67B5-4A94-81CB-3771F688FDEB}"
	ProjectSection(ProjectDependencies) = postProject
		{D31EE321-C2B0-4984-B749-736F7DE509F1} = {D31EE321-C2B0-4984-B749-736F7DE509F1}
	EndProjectSection
EndProject
Project("{8BC9CEB8-8B4A-11D0-8D11-00A0C91BC942}") = "QuickLook.Native.Shell32", "QuickLook.Native.Shell32\QuickLook.Native.Shell32.vcxproj", "{D31EE321-C2B0-4984-B749-736F7DE509F1}"
EndProject
Project("{2150E333-8FDC-42A3-9474-1A3956D46DE8}") = "QuickLook.Plugin", "QuickLook.Plugin", "{06EFDBE0-6408-4B37-BCF2-0CF9EBEA2E93}"
EndProject
Project("{FAE04EC0-301F-11D3-BF4B-00C04F79EFBC}") = "QuickLook.Plugin.ArchiveViewer", "QuickLook.Plugin\QuickLook.Plugin.ArchiveViewer\QuickLook.Plugin.ArchiveViewer.csproj", "{DE2E3BC5-6AB2-4420-A160-48C7A7506C1C}"
EndProject
Project("{FAE04EC0-301F-11D3-BF4B-00C04F79EFBC}") = "QuickLook.Plugin.ImageViewer", "QuickLook.Plugin\QuickLook.Plugin.ImageViewer\QuickLook.Plugin.ImageViewer.csproj", "{FE5A5111-9607-4721-A7BE-422754002ED8}"
EndProject
Project("{FAE04EC0-301F-11D3-BF4B-00C04F79EFBC}") = "QuickLook.Plugin.PdfViewer", "QuickLook.Plugin\QuickLook.Plugin.PDFViewer\QuickLook.Plugin.PdfViewer.csproj", "{A82AC69C-EDF5-4F0D-8CBD-8E5E3C06E64D}"
EndProject
Project("{FAE04EC0-301F-11D3-BF4B-00C04F79EFBC}") = "QuickLook.Plugin.TextViewer", "QuickLook.Plugin\QuickLook.Plugin.TextViewer\QuickLook.Plugin.TextViewer.csproj", "{AE041682-E3A1-44F6-8BB4-916A98D89FBE}"
EndProject
Project("{FAE04EC0-301F-11D3-BF4B-00C04F79EFBC}") = "QuickLook.Plugin.OfficeViewer", "QuickLook.Plugin\QuickLook.Plugin.OfficeViewer\QuickLook.Plugin.OfficeViewer.csproj", "{E37675EA-D957-4495-8655-2609BF86756C}"
EndProject
Project("{FAE04EC0-301F-11D3-BF4B-00C04F79EFBC}") = "QuickLook.Plugin.VideoViewer", "QuickLook.Plugin\QuickLook.Plugin.VideoViewer\QuickLook.Plugin.VideoViewer.csproj", "{1B746D92-49A5-4A37-9D75-DCC490393290}"
EndProject
Project("{2150E333-8FDC-42A3-9474-1A3956D46DE8}") = "Solution Items", "Solution Items", "{BAE81497-98FA-4A7A-A0FB-2B86C9694B9C}"
	ProjectSection(SolutionItems) = preProject
		GitVersion.cs = GitVersion.cs
	EndProjectSection
EndProject
Project("{FAE04EC0-301F-11D3-BF4B-00C04F79EFBC}") = "QuickLook.Plugin.HtmlViewer", "QuickLook.Plugin\QuickLook.Plugin.HtmlViewer\QuickLook.Plugin.HtmlViewer.csproj", "{CE22A1F3-7F2C-4EC8-BFDE-B58D0EB625FC}"
EndProject
Project("{FAE04EC0-301F-11D3-BF4B-00C04F79EFBC}") = "QuickLook.Plugin.MarkdownViewer", "QuickLook.Plugin\QuickLook.Plugin.MarkdownViewer\QuickLook.Plugin.MarkdownViewer.csproj", "{AB1270AF-7EB4-4B4F-9E09-6404F1A28EA0}"
EndProject
Global
	GlobalSection(SolutionConfigurationPlatforms) = preSolution
		Debug|Any CPU = Debug|Any CPU
		Debug|x86 = Debug|x86
		Release|Any CPU = Release|Any CPU
		Release|x86 = Release|x86
	EndGlobalSection
	GlobalSection(ProjectConfigurationPlatforms) = postSolution
		{8B4A9CE5-67B5-4A94-81CB-3771F688FDEB}.Debug|Any CPU.ActiveCfg = Debug|x86
		{8B4A9CE5-67B5-4A94-81CB-3771F688FDEB}.Debug|x86.ActiveCfg = Debug|x86
		{8B4A9CE5-67B5-4A94-81CB-3771F688FDEB}.Debug|x86.Build.0 = Debug|x86
		{8B4A9CE5-67B5-4A94-81CB-3771F688FDEB}.Release|Any CPU.ActiveCfg = Release|x86
		{8B4A9CE5-67B5-4A94-81CB-3771F688FDEB}.Release|x86.ActiveCfg = Release|x86
		{8B4A9CE5-67B5-4A94-81CB-3771F688FDEB}.Release|x86.Build.0 = Release|x86
		{D31EE321-C2B0-4984-B749-736F7DE509F1}.Debug|Any CPU.ActiveCfg = Debug|Win32
		{D31EE321-C2B0-4984-B749-736F7DE509F1}.Debug|x86.ActiveCfg = Debug|Win32
		{D31EE321-C2B0-4984-B749-736F7DE509F1}.Debug|x86.Build.0 = Debug|Win32
		{D31EE321-C2B0-4984-B749-736F7DE509F1}.Release|Any CPU.ActiveCfg = Release|Win32
		{D31EE321-C2B0-4984-B749-736F7DE509F1}.Release|x86.ActiveCfg = Release|Win32
		{D31EE321-C2B0-4984-B749-736F7DE509F1}.Release|x86.Build.0 = Release|Win32
		{DE2E3BC5-6AB2-4420-A160-48C7A7506C1C}.Debug|Any CPU.ActiveCfg = Debug|x86
		{DE2E3BC5-6AB2-4420-A160-48C7A7506C1C}.Debug|x86.ActiveCfg = Debug|x86
		{DE2E3BC5-6AB2-4420-A160-48C7A7506C1C}.Debug|x86.Build.0 = Debug|x86
		{DE2E3BC5-6AB2-4420-A160-48C7A7506C1C}.Release|Any CPU.ActiveCfg = Release|x86
		{DE2E3BC5-6AB2-4420-A160-48C7A7506C1C}.Release|x86.ActiveCfg = Release|x86
		{DE2E3BC5-6AB2-4420-A160-48C7A7506C1C}.Release|x86.Build.0 = Release|x86
		{FE5A5111-9607-4721-A7BE-422754002ED8}.Debug|Any CPU.ActiveCfg = Debug|x86
		{FE5A5111-9607-4721-A7BE-422754002ED8}.Debug|x86.ActiveCfg = Debug|x86
		{FE5A5111-9607-4721-A7BE-422754002ED8}.Debug|x86.Build.0 = Debug|x86
		{FE5A5111-9607-4721-A7BE-422754002ED8}.Release|Any CPU.ActiveCfg = Release|x86
		{FE5A5111-9607-4721-A7BE-422754002ED8}.Release|x86.ActiveCfg = Release|x86
		{FE5A5111-9607-4721-A7BE-422754002ED8}.Release|x86.Build.0 = Release|x86
		{A82AC69C-EDF5-4F0D-8CBD-8E5E3C06E64D}.Debug|Any CPU.ActiveCfg = Debug|x86
		{A82AC69C-EDF5-4F0D-8CBD-8E5E3C06E64D}.Debug|x86.ActiveCfg = Debug|x86
		{A82AC69C-EDF5-4F0D-8CBD-8E5E3C06E64D}.Debug|x86.Build.0 = Debug|x86
		{A82AC69C-EDF5-4F0D-8CBD-8E5E3C06E64D}.Release|Any CPU.ActiveCfg = Release|x86
		{A82AC69C-EDF5-4F0D-8CBD-8E5E3C06E64D}.Release|x86.ActiveCfg = Release|x86
		{A82AC69C-EDF5-4F0D-8CBD-8E5E3C06E64D}.Release|x86.Build.0 = Release|x86
		{AE041682-E3A1-44F6-8BB4-916A98D89FBE}.Debug|Any CPU.ActiveCfg = Debug|x86
		{AE041682-E3A1-44F6-8BB4-916A98D89FBE}.Debug|x86.ActiveCfg = Debug|x86
		{AE041682-E3A1-44F6-8BB4-916A98D89FBE}.Debug|x86.Build.0 = Debug|x86
		{AE041682-E3A1-44F6-8BB4-916A98D89FBE}.Release|Any CPU.ActiveCfg = Release|x86
		{AE041682-E3A1-44F6-8BB4-916A98D89FBE}.Release|x86.ActiveCfg = Release|x86
		{AE041682-E3A1-44F6-8BB4-916A98D89FBE}.Release|x86.Build.0 = Release|x86
		{E37675EA-D957-4495-8655-2609BF86756C}.Debug|Any CPU.ActiveCfg = Debug|x86
		{E37675EA-D957-4495-8655-2609BF86756C}.Debug|x86.ActiveCfg = Debug|x86
		{E37675EA-D957-4495-8655-2609BF86756C}.Debug|x86.Build.0 = Debug|x86
		{E37675EA-D957-4495-8655-2609BF86756C}.Release|Any CPU.ActiveCfg = Release|x86
		{E37675EA-D957-4495-8655-2609BF86756C}.Release|x86.ActiveCfg = Release|x86
		{E37675EA-D957-4495-8655-2609BF86756C}.Release|x86.Build.0 = Release|x86
		{1B746D92-49A5-4A37-9D75-DCC490393290}.Debug|Any CPU.ActiveCfg = Debug|x86
		{1B746D92-49A5-4A37-9D75-DCC490393290}.Debug|x86.ActiveCfg = Debug|x86
		{1B746D92-49A5-4A37-9D75-DCC490393290}.Debug|x86.Build.0 = Debug|x86
		{1B746D92-49A5-4A37-9D75-DCC490393290}.Release|Any CPU.ActiveCfg = Release|x86
		{1B746D92-49A5-4A37-9D75-DCC490393290}.Release|x86.ActiveCfg = Release|x86
		{1B746D92-49A5-4A37-9D75-DCC490393290}.Release|x86.Build.0 = Release|x86
		{CE22A1F3-7F2C-4EC8-BFDE-B58D0EB625FC}.Debug|Any CPU.ActiveCfg = Debug|x86
		{CE22A1F3-7F2C-4EC8-BFDE-B58D0EB625FC}.Debug|x86.ActiveCfg = Debug|x86
		{CE22A1F3-7F2C-4EC8-BFDE-B58D0EB625FC}.Debug|x86.Build.0 = Debug|x86
		{CE22A1F3-7F2C-4EC8-BFDE-B58D0EB625FC}.Release|Any CPU.ActiveCfg = Release|x86
		{CE22A1F3-7F2C-4EC8-BFDE-B58D0EB625FC}.Release|x86.ActiveCfg = Release|x86
		{CE22A1F3-7F2C-4EC8-BFDE-B58D0EB625FC}.Release|x86.Build.0 = Release|x86
		{AB1270AF-7EB4-4B4F-9E09-6404F1A28EA0}.Debug|Any CPU.ActiveCfg = Debug|x86
		{AB1270AF-7EB4-4B4F-9E09-6404F1A28EA0}.Debug|x86.ActiveCfg = Debug|x86
		{AB1270AF-7EB4-4B4F-9E09-6404F1A28EA0}.Debug|x86.Build.0 = Debug|x86
		{AB1270AF-7EB4-4B4F-9E09-6404F1A28EA0}.Release|Any CPU.ActiveCfg = Release|x86
		{AB1270AF-7EB4-4B4F-9E09-6404F1A28EA0}.Release|x86.ActiveCfg = Release|x86
		{AB1270AF-7EB4-4B4F-9E09-6404F1A28EA0}.Release|x86.Build.0 = Release|x86
	EndGlobalSection
	GlobalSection(SolutionProperties) = preSolution
		HideSolutionNode = FALSE
	EndGlobalSection
	GlobalSection(NestedProjects) = preSolution
		{DE2E3BC5-6AB2-4420-A160-48C7A7506C1C} = {06EFDBE0-6408-4B37-BCF2-0CF9EBEA2E93}
		{FE5A5111-9607-4721-A7BE-422754002ED8} = {06EFDBE0-6408-4B37-BCF2-0CF9EBEA2E93}
		{A82AC69C-EDF5-4F0D-8CBD-8E5E3C06E64D} = {06EFDBE0-6408-4B37-BCF2-0CF9EBEA2E93}
		{AE041682-E3A1-44F6-8BB4-916A98D89FBE} = {06EFDBE0-6408-4B37-BCF2-0CF9EBEA2E93}
		{E37675EA-D957-4495-8655-2609BF86756C} = {06EFDBE0-6408-4B37-BCF2-0CF9EBEA2E93}
		{1B746D92-49A5-4A37-9D75-DCC490393290} = {06EFDBE0-6408-4B37-BCF2-0CF9EBEA2E93}
		{CE22A1F3-7F2C-4EC8-BFDE-B58D0EB625FC} = {06EFDBE0-6408-4B37-BCF2-0CF9EBEA2E93}
		{AB1270AF-7EB4-4B4F-9E09-6404F1A28EA0} = {06EFDBE0-6408-4B37-BCF2-0CF9EBEA2E93}
	EndGlobalSection
EndGlobal
